(setq el-get-lock-package-versions
      '((org-mode :checksum "652430128896e690dc6ef2a83891a1209094b3da")
        (ob-async :checksum "9aac486073f5c356ada20e716571be33a350a982")
        (magit :checksum "f592e367d7602106d6f8f8349148bd31a94ba231")
        (with-editor :checksum "5519b6a67ecd66865b4fdd5447425eee900c54f4")
        (term-keys :checksum "83c7d698f76eec1252c17286a146d14f801518c8")
        (vala-mode :checksum "d696a8177e94c81ea557ad364a3b3dcc3abbc50f")
        (rust-mode :checksum "494d59f92cbe12533eb89b202fc4f5342afcd543")
        (evil :checksum "62b6a9237502ba0f60734c3cd710427f381a9786")
        (transient :checksum "37684a8cf7c97b7c0599ae70c6c9c993587a0202")
        (evil-collection :checksum "5699d7b40bfbc5d10ea387ae2fbd38f7f385efd1")
        (smartparens :checksum "911cc896a0f2eb8b5fbdd6fc8331523ad9889a3a")
        (s :checksum "08661efb075d1c6b4fa812184c1e5e90c08795a9")
        (projectile :checksum "1fbe06316f2c13ed0a4eae595d792f7d53e3af20")
        (pkg-info :checksum "76ba7415480687d05a4353b27fea2ae02b8d9d61")
        (origami :checksum "e558710a975e8511b9386edc81cd6bdd0a5bda74")
        (emacs-request :checksum "f3a5b4352e9f444ace2a332939abff504b573887")
        (company-mode :checksum "1fd1b363eee68e4cdcf0e610005c0bdbf9940604")
        (avy :checksum "e92cb37457b43336b765630dbfbea8ba4be601fa")
        (annalist :checksum "e0601539c9ac0171a684ea3ff6266d215d1d08e6")
        (ace-window :checksum "c7cb315c14e36fded5ac4096e158497ae974bec9")
        (swiper :checksum "040d458bce4a88f37359192061bcea5ebe87007c")
        (haskell-mode :checksum "98ba3922360199d5260d47f417f096730ad057c5")
        (yaml-mode :checksum "3a57058468211f3cb18e71aecc630dcacb87636b")
        (xcscope :checksum "8e441efab0757778fe3594ff68c378bf90f539f9")
        (windsize :checksum "62c2846bbe95b0a73e996c75e4a644d05f57aaaa")
        (which-key :checksum "4c27fc0c565cdda58270dae4024ad03a0017de43")
        (wgrep :checksum "f9687c28bbc2e84f87a479b6ce04407bb97cfb23")
        (vagrant-tramp :checksum "5f00b42a0c023c461cef7af4de7652d90c788b4d")
        (use-package :checksum "a7422fb8ab1baee19adb2717b5b47b9c3812a84c")
        (undo-tree :checksum "2bf5e230f1d11df7bbd9d8c722749e34482bc458")
        (tuareg-mode :checksum "6559b203bac9416bcdf4b53d217d76893f4454be")
        (ts :checksum "b7ca357a0ed57694e0b25ec1b1ca12e24a4ce541")
        (systemtap-mode :checksum "1a968c2b1f3a054bebf91ac49739d3a81ce050a9")
        (systemd-mode :checksum "b6ae63a236605b1c5e1069f7d3afe06ae32a7bae")
        (smex :checksum "55aaebe3d793c2c990b39a302eb26c184281c42c")
        (peg :checksum "d944cde67d43941af85efbc3e3649cd5edc51a5b")
        (ov :checksum "c5b9aa4e1b00d702eb2caedd61c69a22a5fa1fab")
        (org-super-agenda :checksum "dd0d104c269fab9ebe5af7009bc1dd2a3a8f3c12")
        (org-ql :checksum "6633dbb276d51767c3f401d0f68ef99e7b9364b6")
        (nasm-mode :checksum "65ca6546fc395711fac5b3b4299e76c2303d43a8")
        (markdown-mode :checksum "1c7d29d52986b2cb153b5f643167ea49417de469")
        (lua-mode :checksum "2bd9077dd0405efc9276f612e24a345698c539c4")
        (json-snatcher :checksum "b28d1c0670636da6db508d03872d96ffddbc10f2")
        (json-reformat :checksum "8eb6668ed447988aea06467ba8f42e1f2178246f")
        (json-mode :checksum "0e819e519ae17a2686e0881c4ca51fa873fa9b83")
        (ivy-rich :checksum "600b8183ed0be8668dcc548cc2c8cb94b001363b")
        (ios-config-mode :checksum "ef1d26a3983006cb4574e4c14fcf36ceeda4a260")
        (ibuffer-vc :checksum "5fa6aea09bc67f71ea743302d609f459967b1e81")
        (ibuffer-projectile :checksum "ecbe482804a217b1471593f6c7a8b3d64f3cdc47")
        (hydra :checksum "2d553787aca1aceb3e6927e426200e9bb9f056f1")
        (ht :checksum "c4c1be487d6ecb353d07881526db05d7fc90ea87")
        (highlight-parentheses :checksum "3b9d54fa6554dda3152ca9b7d358a65078c2bb71")
        (go-mode :checksum "34974346d1f74fa835d745514c9fe9afccce8dae")
        (general :checksum "a0b17d207badf462311b2eef7c065b884462cb7c")
        (flycheck :checksum "f8c679fff349850c80541a31de50009c3c15d4c9")
        (f :checksum "c4dbf8c8e83df834f5d6f72cd5649b9d8a8812ec")
        (evil-surround :checksum "3bd73794ee5a760118042584ef74e2b6fb2a1e06")
        (evil-smartparens :checksum "026d4a3cfce415a4dfae1457f871b385386e61d3")
        (epl :checksum "78ab7a85c08222cd15582a298a364774e3282ce6")
        (elisp-slime-nav :checksum "8588d80d414aee1fafce5b9da0e913612ee0bcdd")
        (el-get-lock :checksum "df8cfe55441695865a64b97946750b6413a40425")
        (el-get :checksum "ec135b5353867ce3564a675e99024944b834395d")
        (diminish :checksum "73669b69e5f9a0c9261c5b53624329d0e24d1ed8")
        (dash :checksum "88d799595e8f1b4154637ce8a3f81b97b0520c1a")
        (counsel-projectile :checksum "06b03c1080d3ccc3fa9b9c41b1ccbcf13f058e4b")
        (color-theme-zenburn :checksum "ea9b8f3aedc6640cb0d15d77f7bb5d98830abe97")
        (ample-regexps :checksum "153969ce547afe410b8986f01c9ed4087c9cd20b")
        (goto-chg :checksum "3ce1389fea12edde4e343bc7d54c8da97a1a6136")))
(setq el-get-lock-locked-packages 'nil)
(setq el-get-lock-unlocked-packages 'nil)
