(setq el-get-lock-package-versions
      '((evil :checksum "ba79ed6a3ae3f07e4a56387e09350f3d1cd90041")
        (transient :checksum "4d44d08e90355a8ef36aaad1f9f79c95de1ce0e9")
        (org-mode :checksum "2c980de07341b015741dc2fdad27a3078c9618fb")
        (evil-collection :checksum "3e62b6b1312f7907081be41a032aaacffa732fef")
        (smartparens :checksum "046440700f292c90c4a992f959c8d6725aa9a3bc")
        (s :checksum "03410e6a7a2b11e47e1fea3b7d9899c7df26435e")
        (projectile :checksum "fd85829ef2bdb8b2c183ea1b3ccfd50925824d78")
        (pkg-info :checksum "76ba7415480687d05a4353b27fea2ae02b8d9d61")
        (origami :checksum "1f38085c8f9af7842765ed63f7d6dfe4dab59366")
        (emacs-request :checksum "a3d080e57eb8be606fbf39d1baff94e1b16e1fb8")
        (company-mode :checksum "ad6ff0eecca99dc5ac8b6a8a6174df7d2ad88ae7")
        (avy :checksum "bbf1e7339eba06784dfe86643bb0fbddf5bb0342")
        (annalist :checksum "e0601539c9ac0171a684ea3ff6266d215d1d08e6")
        (ace-window :checksum "d93e16b52ee7c1b6c9df599060e7077b4e46cbf8")
        (swiper :checksum "c6b60d34ac37bf4d91a25f16d22e528f85e06938")
        (haskell-mode :checksum "6a70c1858c7d505ba23185e209ef7eacf703ed8f")
        (yaml-mode :checksum "28c34033194130d452d5c958b5241c88d42ca02b")
        (xcscope :checksum "1e4c8e60eb841a3ecb56ff4115b6a8ae5c0bf779")
        (windsize :checksum "beb6376fdf52afa6f220c89032448460faf76e7f")
        (which-key :checksum "ff79dfff66f880885c5893dd6fd05dc51173a476")
        (wgrep :checksum "414be70bd313e482cd9f0b70fd2daad4ee23497c")
        (vagrant-tramp :checksum "453ba605b28d2964bb4e10074f1e6891ebb4d2d6")
        (use-package :checksum "4aa14a4fcd5ca52b3f1bfcf5ab294173f7bbe390")
        (undo-tree :checksum "e9a9102f515acd7523158f20e83f300600374989")
        (tuareg-mode :checksum "b6271c4496a29b74ad1e47d6802b9cfba415fe77")
        (ts :checksum "df48734ef046547c1aa0de0f4c07d11964ef1f7f")
        (systemtap-mode :checksum "1a968c2b1f3a054bebf91ac49739d3a81ce050a9")
        (systemd-mode :checksum "2c71ec55291eca382305b1f31020e0396907534d")
        (smex :checksum "55aaebe3d793c2c990b39a302eb26c184281c42c")
        (peg :checksum "d944cde67d43941af85efbc3e3649cd5edc51a5b")
        (ov :checksum "c5b9aa4e1b00d702eb2caedd61c69a22a5fa1fab")
        (org-super-agenda :checksum "dd0d104c269fab9ebe5af7009bc1dd2a3a8f3c12")
        (org-ql :checksum "6633dbb276d51767c3f401d0f68ef99e7b9364b6")
        (nasm-mode :checksum "51108863a38567c7e2e6d65490f2acf7ec044a61")
        (markdown-mode :checksum "f69cca021750d932defcc423f4ea2215e4107499")
        (lua-mode :checksum "652e299cb967fccca827dda381d61a9c144d97de")
        (json-snatcher :checksum "c4cecc0a5051bd364373aa499c47a1bb7a5ac51c")
        (json-reformat :checksum "8eb6668ed447988aea06467ba8f42e1f2178246f")
        (json-mode :checksum "32d5a9b3319e6797c4d52e7d61a65e5638102ef4")
        (ivy-rich :checksum "10970130b41c6ef9570893cdab8dfbe720e2b1a9")
        (ios-config-mode :checksum "ef1d26a3983006cb4574e4c14fcf36ceeda4a260")
        (ibuffer-vc :checksum "83d60aefd21e2aa20c7217d224f38a40bb75e63b")
        (ibuffer-projectile :checksum "76496214144687cee0b5139be2e61b1e400cac87")
        (hydra :checksum "a2bb124a3f2e57c032fc264bcd08219fa3d513d9")
        (ht :checksum "fff8c43f0e03d5b98deb9f988522b839ce2ca253")
        (highlight-parentheses :checksum "a821a314942f409cd69660d816cd9a0aebd1ae8f")
        (go-mode :checksum "99b06da201afb91e8db0c525c0f3c3590fd92fa6")
        (general :checksum "f38fb2294bd29261374b772f765730f2fa168b3e")
        (flycheck :checksum "0995b0bb3f518c7350f1428860c0fc7eeaee3c46")
        (f :checksum "8191672377816a1975414cc1f116fd3b94b30bd0")
        (evil-surround :checksum "346d4d85fcf1f9517e9c4991c1efe68b4130f93a")
        (evil-smartparens :checksum "026d4a3cfce415a4dfae1457f871b385386e61d3")
        (epl :checksum "78ab7a85c08222cd15582a298a364774e3282ce6")
        (elisp-slime-nav :checksum "34938422929800839e2f935aca890cd4a229ca99")
        (el-get-lock :checksum "df8cfe55441695865a64b97946750b6413a40425")
        (el-get :checksum "6138ce5b0a9df779e33ef42eadc4c15a5cf65f39")
        (diminish :checksum "d5c61a14e1a5590a65f83c099a5bd42fcadff24d")
        (dash :checksum "77f3bf40c9c85386a50f2dab3dc950513f6f88bd")
        (counsel-projectile :checksum "fb19569c9799e3edac7504d21a5ecf49231e9500")
        (color-theme-zenburn :checksum "b6090a1a343d5173e38e2966f7cf44d96cba037c")
        (ample-regexps :checksum "cbe91e148cac1ee8e223874dc956ed4cf607f046")
        (goto-chg :checksum "50e58f9e6bb0b8b8e3a24ed817ff78512a770448")))
(setq el-get-lock-locked-packages 'nil)
(setq el-get-lock-unlocked-packages 'nil)
