(setq el-get-lock-package-versions
      '((xcscope :checksum "0fe485803531e6494f5bfe448766e49f77a15fb5")
        (s :checksum "e59915ec6fc35983fa4a164ff2a3f73df135ca88")
        (projectile :checksum "bd68bf45bad027d2f1c32ca88da9e7a01b67664a")
        (pkg-info :checksum "4dbe328c9eced79e0004e3fdcd7bfb997a928be5")
        (evil-leader :checksum "753b01eb4958370ae2226b3780ff31fe157c2852")
        (undo-tree :checksum "a3e81b682053a81e082139300ef0a913a7a610a2")
        (systemtap-mode :checksum "1a968c2b1f3a054bebf91ac49739d3a81ce050a9")
        (ido-vertical-mode :checksum "0beaf1eaa8509bece9419b663826665322b22b4c")
        (neotree :checksum "c4f32b489fb1f5f00897a7dbb58a27ee704f5493")
        (tuareg-mode :checksum "f97b800db79d9856c70b4988bd39bd7aa623158e")
        (org-mode :checksum "1045e9e9c0e6438f5ee9dc4f0e5c720a8b670cdd")
        (helm :checksum "92786bba2e533eca50b6504413bc22edd957e5ee")
        (helm-projectile :checksum "87476ab9f5113d6c4e5de9920911b951b4092c19")
        (dash :checksum "a9f90d7834337dadee1a69f2089e39fd81b22ba7")
        (evil :checksum "238b01c6dfbc891c55fcef9dad43c42e6907714d")
        (goto-chg :checksum "50e58f9e6bb0b8b8e3a24ed817ff78512a770448")
        (flx :checksum "10db5313698068685ecc9bacee86973e53115e10")
        (epl :checksum "a5ad061d0a5eb42f66c384e55d102da7d52c96b0")
        (el-get-lock :checksum "046ffb568c6964ea30813338234aea2d60a5c632")
        (el-get :checksum "c4ed895f435f57a547c84498f6c7d88c3814bb8f")
        (haskell-mode :checksum "ccbb6eb980f3d615ab47ef67b389f1e6c70a783b")
        (ample-regexps :checksum "d5194b289f45c1aafe028a4a0b699b48d2938867")))
(setq el-get-lock-locked-packages 'nil)
(setq el-get-lock-unlocked-packages
      '(xoria256-emacs systemap-mode lua-mode color-theme-zenburn))
